
Microsoft Visual Studio Solution File, Format Version 12.00
# Visual Studio Version 16
VisualStudioVersion = 16.0.30523.141
MinimumVisualStudioVersion = 10.0.40219.1
Project("{FAE04EC0-301F-11D3-BF4B-00C04F79EFBC}") = "ConsoleApp2", "ConsoleApp2\ConsoleApp2.csproj", "{ACD84009-9411-46FF-B6D9-2EC7AC959570}"
EndProject
Global
	GlobalSection(SolutionConfigurationPlatforms) = preSolution
		Debug|Any CPU = Debug|Any CPU
		Release|Any CPU = Release|Any CPU
	EndGlobalSection
	GlobalSection(ProjectConfigurationPlatforms) = postSolution
		{ACD84009-9411-46FF-B6D9-2EC7AC959570}.Debug|Any CPU.ActiveCfg = Debug|Any CPU
		{ACD84009-9411-46FF-B6D9-2EC7AC959570}.Debug|Any CPU.Build.0 = Debug|Any CPU
		{ACD84009-9411-46FF-B6D9-2EC7AC959570}.Release|Any CPU.ActiveCfg = Release|Any CPU
		{ACD84009-9411-46FF-B6D9-2EC7AC959570}.Release|Any CPU.Build.0 = Release|Any CPU
	EndGlobalSection
	GlobalSection(SolutionProperties) = preSolution
		HideSolutionNode = FALSE
	EndGlobalSection
	GlobalSection(ExtensibilityGlobals) = postSolution
		SolutionGuid = {48FD2422-ACEB-429E-9C0A-424B2C3620B4}
	EndGlobalSection
EndGlobal
